// !$*UTF8*$!
{
	archiveVersion = 1;
	classes = {
	};
	objectVersion = 46;
	objects = {

/* Begin PBXBuildFile section */
		58B30A4425694AF632155EF4 /* Pods_____.framework in Frameworks */ = {isa = PBXBuildFile; fileRef = D4A2E0966E8E2F4DC30863D1 /* Pods_____.framework */; };
		D515C05E1E485151000F4EE9 /* AppDelegate.swift in Sources */ = {isa = PBXBuildFile; fileRef = D515C05D1E485151000F4EE9 /* AppDelegate.swift */; };
		D515C0631E485151000F4EE9 /* Main.storyboard in Resources */ = {isa = PBXBuildFile; fileRef = D515C0611E485151000F4EE9 /* Main.storyboard */; };
		D515C0651E485151000F4EE9 /* Assets.xcassets in Resources */ = {isa = PBXBuildFile; fileRef = D515C0641E485151000F4EE9 /* Assets.xcassets */; };
		D515C0681E485151000F4EE9 /* LaunchScreen.storyboard in Resources */ = {isa = PBXBuildFile; fileRef = D515C0661E485151000F4EE9 /* LaunchScreen.storyboard */; };
		D515C0731E485151000F4EE9 /* ____Tests.swift in Sources */ = {isa = PBXBuildFile; fileRef = D515C0721E485151000F4EE9 /* ____Tests.swift */; };
		D515C07E1E485151000F4EE9 /* ____UITests.swift in Sources */ = {isa = PBXBuildFile; fileRef = D515C07D1E485151000F4EE9 /* ____UITests.swift */; };
		D515C0961E4852CE000F4EE9 /* LQTabBarController.swift in Sources */ = {isa = PBXBuildFile; fileRef = D515C0951E4852CE000F4EE9 /* LQTabBarController.swift */; };
		D515C0981E4852F7000F4EE9 /* LQNavigtionController.swift in Sources */ = {isa = PBXBuildFile; fileRef = D515C0971E4852F7000F4EE9 /* LQNavigtionController.swift */; };
		D515C09E1E4854DB000F4EE9 /* LQBaseViewController.swift in Sources */ = {isa = PBXBuildFile; fileRef = D515C09D1E4854DB000F4EE9 /* LQBaseViewController.swift */; };
		D515C0A01E485500000F4EE9 /* LQDiscoverController.swift in Sources */ = {isa = PBXBuildFile; fileRef = D515C09F1E485500000F4EE9 /* LQDiscoverController.swift */; };
		D515C0A21E48551F000F4EE9 /* LQHomeController.swift in Sources */ = {isa = PBXBuildFile; fileRef = D515C0A11E48551F000F4EE9 /* LQHomeController.swift */; };
		D515C0A41E48552F000F4EE9 /* LQMessageController.swift in Sources */ = {isa = PBXBuildFile; fileRef = D515C0A31E48552F000F4EE9 /* LQMessageController.swift */; };
		D515C0A61E48554C000F4EE9 /* LQMineController.swift in Sources */ = {isa = PBXBuildFile; fileRef = D515C0A51E48554C000F4EE9 /* LQMineController.swift */; };
		D51781ED1E53034900AA1BA6 /* LQStudentModel.swift in Sources */ = {isa = PBXBuildFile; fileRef = D51781EC1E53034900AA1BA6 /* LQStudentModel.swift */; };
		D51781F01E53F8D700AA1BA6 /* LQVisitorView.swift in Sources */ = {isa = PBXBuildFile; fileRef = D51781EF1E53F8D700AA1BA6 /* LQVisitorView.swift */; };
		D52AB53A1E56FCAA008144AC /* UIButton+createFactory.m in Sources */ = {isa = PBXBuildFile; fileRef = D52AB5291E56FCAA008144AC /* UIButton+createFactory.m */; };
		D52AB53B1E56FCAA008144AC /* UILabel+CreateFactory.m in Sources */ = {isa = PBXBuildFile; fileRef = D52AB52B1E56FCAA008144AC /* UILabel+CreateFactory.m */; };
		D52AB53C1E56FCAA008144AC /* UITextField+CreateFactory.m in Sources */ = {isa = PBXBuildFile; fileRef = D52AB52D1E56FCAA008144AC /* UITextField+CreateFactory.m */; };
		D52AB53D1E56FCAA008144AC /* UITextView+CreateFactory.m in Sources */ = {isa = PBXBuildFile; fileRef = D52AB52F1E56FCAA008144AC /* UITextView+CreateFactory.m */; };
		D52AB53E1E56FCAA008144AC /* UIView+createFactory.m in Sources */ = {isa = PBXBuildFile; fileRef = D52AB5311E56FCAA008144AC /* UIView+createFactory.m */; };
		D52AB53F1E56FCAA008144AC /* Bundle+extension.swift in Sources */ = {isa = PBXBuildFile; fileRef = D52AB5321E56FCAA008144AC /* Bundle+extension.swift */; };
		D52AB5401E56FCAA008144AC /* LQBaseViewController+extension.swift in Sources */ = {isa = PBXBuildFile; fileRef = D52AB5331E56FCAA008144AC /* LQBaseViewController+extension.swift */; };
		D52AB5411E56FCAA008144AC /* UIScreen+extension.swift in Sources */ = {isa = PBXBuildFile; fileRef = D52AB5341E56FCAA008144AC /* UIScreen+extension.swift */; };
		D52AB5421E56FCAA008144AC /* View+extension.swift in Sources */ = {isa = PBXBuildFile; fileRef = D52AB5351E56FCAA008144AC /* View+extension.swift */; };
		D52AB5431E56FCAA008144AC /* main.json in Resources */ = {isa = PBXBuildFile; fileRef = D52AB5381E56FCAA008144AC /* main.json */; };
		D5490D481E52A114001801A8 /* LQTestViewController.swift in Sources */ = {isa = PBXBuildFile; fileRef = D5490D471E52A114001801A8 /* LQTestViewController.swift */; };
		D5DDFA131E5A79A90097CE46 /* LQHttpSessionManager.swift in Sources */ = {isa = PBXBuildFile; fileRef = D5DDFA121E5A79A90097CE46 /* LQHttpSessionManager.swift */; };
		D5DDFA151E5A91B20097CE46 /* LQHttpSessionManager+extension.swift in Sources */ = {isa = PBXBuildFile; fileRef = D5DDFA141E5A91B20097CE46 /* LQHttpSessionManager+extension.swift */; };
		D5DDFA1B1E5AE1930097CE46 /* LQMineTableViewCell.swift in Sources */ = {isa = PBXBuildFile; fileRef = D5DDFA1A1E5AE1930097CE46 /* LQMineTableViewCell.swift */; };
		D5DDFA1D1E5BED3B0097CE46 /* LQWeiboListModel.swift in Sources */ = {isa = PBXBuildFile; fileRef = D5DDFA1C1E5BED3B0097CE46 /* LQWeiboListModel.swift */; };
		D5DDFA201E5C0B3E0097CE46 /* LQHomeViewModel.swift in Sources */ = {isa = PBXBuildFile; fileRef = D5DDFA1F1E5C0B3E0097CE46 /* LQHomeViewModel.swift */; };
/* End PBXBuildFile section */

/* Begin PBXContainerItemProxy section */
		D515C06F1E485151000F4EE9 /* PBXContainerItemProxy */ = {
			isa = PBXContainerItemProxy;
			containerPortal = D515C0521E485151000F4EE9 /* Project object */;
			proxyType = 1;
			remoteGlobalIDString = D515C0591E485151000F4EE9;
			remoteInfo = "新建项目";
		};
		D515C07A1E485151000F4EE9 /* PBXContainerItemProxy */ = {
			isa = PBXContainerItemProxy;
			containerPortal = D515C0521E485151000F4EE9 /* Project object */;
			proxyType = 1;
			remoteGlobalIDString = D515C0591E485151000F4EE9;
			remoteInfo = "新建项目";
		};
/* End PBXContainerItemProxy section */

/* Begin PBXFileReference section */
		5551DF701A2677B3015262F2 /* Pods-新建项目.release.xcconfig */ = {isa = PBXFileReference; includeInIndex = 1; lastKnownFileType = text.xcconfig; name = "Pods-新建项目.release.xcconfig"; path = "Pods/Target Support Files/Pods-新建项目/Pods-新建项目.release.xcconfig"; sourceTree = "<group>"; };
		665CC8A46B42E36813E7C7B4 /* Pods-新建项目.debug.xcconfig */ = {isa = PBXFileReference; includeInIndex = 1; lastKnownFileType = text.xcconfig; name = "Pods-新建项目.debug.xcconfig"; path = "Pods/Target Support Files/Pods-新建项目/Pods-新建项目.debug.xcconfig"; sourceTree = "<group>"; };
		D4A2E0966E8E2F4DC30863D1 /* Pods_____.framework */ = {isa = PBXFileReference; explicitFileType = wrapper.framework; includeInIndex = 0; path = "Pods_____.framework"; sourceTree = BUILT_PRODUCTS_DIR; };
		D515C05A1E485151000F4EE9 /* 新建项目.app */ = {isa = PBXFileReference; explicitFileType = wrapper.application; includeInIndex = 0; path = "新建项目.app"; sourceTree = BUILT_PRODUCTS_DIR; };
		D515C05D1E485151000F4EE9 /* AppDelegate.swift */ = {isa = PBXFileReference; lastKnownFileType = sourcecode.swift; path = AppDelegate.swift; sourceTree = "<group>"; };
		D515C0621E485151000F4EE9 /* Base */ = {isa = PBXFileReference; lastKnownFileType = file.storyboard; name = Base; path = Base.lproj/Main.storyboard; sourceTree = "<group>"; };
		D515C0641E485151000F4EE9 /* Assets.xcassets */ = {isa = PBXFileReference; lastKnownFileType = folder.assetcatalog; path = Assets.xcassets; sourceTree = "<group>"; };
		D515C0671E485151000F4EE9 /* Base */ = {isa = PBXFileReference; lastKnownFileType = file.storyboard; name = Base; path = Base.lproj/LaunchScreen.storyboard; sourceTree = "<group>"; };
		D515C0691E485151000F4EE9 /* Info.plist */ = {isa = PBXFileReference; lastKnownFileType = text.plist.xml; path = Info.plist; sourceTree = "<group>"; };
		D515C06E1E485151000F4EE9 /* 新建项目Tests.xctest */ = {isa = PBXFileReference; explicitFileType = wrapper.cfbundle; includeInIndex = 0; path = "新建项目Tests.xctest"; sourceTree = BUILT_PRODUCTS_DIR; };
		D515C0721E485151000F4EE9 /* ____Tests.swift */ = {isa = PBXFileReference; lastKnownFileType = sourcecode.swift; path = "____Tests.swift"; sourceTree = "<group>"; };
		D515C0741E485151000F4EE9 /* Info.plist */ = {isa = PBXFileReference; lastKnownFileType = text.plist.xml; path = Info.plist; sourceTree = "<group>"; };
		D515C0791E485151000F4EE9 /* 新建项目UITests.xctest */ = {isa = PBXFileReference; explicitFileType = wrapper.cfbundle; includeInIndex = 0; path = "新建项目UITests.xctest"; sourceTree = BUILT_PRODUCTS_DIR; };
		D515C07D1E485151000F4EE9 /* ____UITests.swift */ = {isa = PBXFileReference; lastKnownFileType = sourcecode.swift; path = "____UITests.swift"; sourceTree = "<group>"; };
		D515C07F1E485151000F4EE9 /* Info.plist */ = {isa = PBXFileReference; lastKnownFileType = text.plist.xml; path = Info.plist; sourceTree = "<group>"; };
		D515C0951E4852CE000F4EE9 /* LQTabBarController.swift */ = {isa = PBXFileReference; fileEncoding = 4; lastKnownFileType = sourcecode.swift; path = LQTabBarController.swift; sourceTree = "<group>"; };
		D515C0971E4852F7000F4EE9 /* LQNavigtionController.swift */ = {isa = PBXFileReference; fileEncoding = 4; lastKnownFileType = sourcecode.swift; path = LQNavigtionController.swift; sourceTree = "<group>"; };
		D515C09D1E4854DB000F4EE9 /* LQBaseViewController.swift */ = {isa = PBXFileReference; fileEncoding = 4; lastKnownFileType = sourcecode.swift; path = LQBaseViewController.swift; sourceTree = "<group>"; };
		D515C09F1E485500000F4EE9 /* LQDiscoverController.swift */ = {isa = PBXFileReference; fileEncoding = 4; lastKnownFileType = sourcecode.swift; path = LQDiscoverController.swift; sourceTree = "<group>"; };
		D515C0A11E48551F000F4EE9 /* LQHomeController.swift */ = {isa = PBXFileReference; fileEncoding = 4; lastKnownFileType = sourcecode.swift; path = LQHomeController.swift; sourceTree = "<group>"; };
		D515C0A31E48552F000F4EE9 /* LQMessageController.swift */ = {isa = PBXFileReference; fileEncoding = 4; lastKnownFileType = sourcecode.swift; path = LQMessageController.swift; sourceTree = "<group>"; };
		D515C0A51E48554C000F4EE9 /* LQMineController.swift */ = {isa = PBXFileReference; fileEncoding = 4; lastKnownFileType = sourcecode.swift; path = LQMineController.swift; sourceTree = "<group>"; };
		D51781EC1E53034900AA1BA6 /* LQStudentModel.swift */ = {isa = PBXFileReference; fileEncoding = 4; lastKnownFileType = sourcecode.swift; path = LQStudentModel.swift; sourceTree = "<group>"; };
		D51781EF1E53F8D700AA1BA6 /* LQVisitorView.swift */ = {isa = PBXFileReference; fileEncoding = 4; lastKnownFileType = sourcecode.swift; path = LQVisitorView.swift; sourceTree = "<group>"; };
		D52AB5281E56FCAA008144AC /* UIButton+createFactory.h */ = {isa = PBXFileReference; fileEncoding = 4; lastKnownFileType = sourcecode.c.h; path = "UIButton+createFactory.h"; sourceTree = "<group>"; };
		D52AB5291E56FCAA008144AC /* UIButton+createFactory.m */ = {isa = PBXFileReference; fileEncoding = 4; lastKnownFileType = sourcecode.c.objc; path = "UIButton+createFactory.m"; sourceTree = "<group>"; };
		D52AB52A1E56FCAA008144AC /* UILabel+CreateFactory.h */ = {isa = PBXFileReference; fileEncoding = 4; lastKnownFileType = sourcecode.c.h; path = "UILabel+CreateFactory.h"; sourceTree = "<group>"; };
		D52AB52B1E56FCAA008144AC /* UILabel+CreateFactory.m */ = {isa = PBXFileReference; fileEncoding = 4; lastKnownFileType = sourcecode.c.objc; path = "UILabel+CreateFactory.m"; sourceTree = "<group>"; };
		D52AB52C1E56FCAA008144AC /* UITextField+CreateFactory.h */ = {isa = PBXFileReference; fileEncoding = 4; lastKnownFileType = sourcecode.c.h; path = "UITextField+CreateFactory.h"; sourceTree = "<group>"; };
		D52AB52D1E56FCAA008144AC /* UITextField+CreateFactory.m */ = {isa = PBXFileReference; fileEncoding = 4; lastKnownFileType = sourcecode.c.objc; path = "UITextField+CreateFactory.m"; sourceTree = "<group>"; };
		D52AB52E1E56FCAA008144AC /* UITextView+CreateFactory.h */ = {isa = PBXFileReference; fileEncoding = 4; lastKnownFileType = sourcecode.c.h; path = "UITextView+CreateFactory.h"; sourceTree = "<group>"; };
		D52AB52F1E56FCAA008144AC /* UITextView+CreateFactory.m */ = {isa = PBXFileReference; fileEncoding = 4; lastKnownFileType = sourcecode.c.objc; path = "UITextView+CreateFactory.m"; sourceTree = "<group>"; };
		D52AB5301E56FCAA008144AC /* UIView+createFactory.h */ = {isa = PBXFileReference; fileEncoding = 4; lastKnownFileType = sourcecode.c.h; path = "UIView+createFactory.h"; sourceTree = "<group>"; };
		D52AB5311E56FCAA008144AC /* UIView+createFactory.m */ = {isa = PBXFileReference; fileEncoding = 4; lastKnownFileType = sourcecode.c.objc; path = "UIView+createFactory.m"; sourceTree = "<group>"; };
		D52AB5321E56FCAA008144AC /* Bundle+extension.swift */ = {isa = PBXFileReference; fileEncoding = 4; lastKnownFileType = sourcecode.swift; path = "Bundle+extension.swift"; sourceTree = "<group>"; };
		D52AB5331E56FCAA008144AC /* LQBaseViewController+extension.swift */ = {isa = PBXFileReference; fileEncoding = 4; lastKnownFileType = sourcecode.swift; path = "LQBaseViewController+extension.swift"; sourceTree = "<group>"; };
		D52AB5341E56FCAA008144AC /* UIScreen+extension.swift */ = {isa = PBXFileReference; fileEncoding = 4; lastKnownFileType = sourcecode.swift; path = "UIScreen+extension.swift"; sourceTree = "<group>"; };
		D52AB5351E56FCAA008144AC /* View+extension.swift */ = {isa = PBXFileReference; fileEncoding = 4; lastKnownFileType = sourcecode.swift; path = "View+extension.swift"; sourceTree = "<group>"; };
		D52AB5361E56FCAA008144AC /* 新建项目-Bridging-Header.h */ = {isa = PBXFileReference; fileEncoding = 4; lastKnownFileType = sourcecode.c.h; path = "新建项目-Bridging-Header.h"; sourceTree = "<group>"; };
		D52AB5381E56FCAA008144AC /* main.json */ = {isa = PBXFileReference; fileEncoding = 4; lastKnownFileType = text.json; path = main.json; sourceTree = "<group>"; };
		D5490D471E52A114001801A8 /* LQTestViewController.swift */ = {isa = PBXFileReference; fileEncoding = 4; lastKnownFileType = sourcecode.swift; path = LQTestViewController.swift; sourceTree = "<group>"; };
		D5DDFA121E5A79A90097CE46 /* LQHttpSessionManager.swift */ = {isa = PBXFileReference; fileEncoding = 4; lastKnownFileType = sourcecode.swift; path = LQHttpSessionManager.swift; sourceTree = "<group>"; };
		D5DDFA141E5A91B20097CE46 /* LQHttpSessionManager+extension.swift */ = {isa = PBXFileReference; fileEncoding = 4; lastKnownFileType = sourcecode.swift; path = "LQHttpSessionManager+extension.swift"; sourceTree = "<group>"; };
		D5DDFA1A1E5AE1930097CE46 /* LQMineTableViewCell.swift */ = {isa = PBXFileReference; fileEncoding = 4; lastKnownFileType = sourcecode.swift; path = LQMineTableViewCell.swift; sourceTree = "<group>"; };
		D5DDFA1C1E5BED3B0097CE46 /* LQWeiboListModel.swift */ = {isa = PBXFileReference; fileEncoding = 4; lastKnownFileType = sourcecode.swift; path = LQWeiboListModel.swift; sourceTree = "<group>"; };
		D5DDFA1F1E5C0B3E0097CE46 /* LQHomeViewModel.swift */ = {isa = PBXFileReference; fileEncoding = 4; lastKnownFileType = sourcecode.swift; path = LQHomeViewModel.swift; sourceTree = "<group>"; };
/* End PBXFileReference section */

/* Begin PBXFrameworksBuildPhase section */
		D515C0571E485151000F4EE9 /* Frameworks */ = {
			isa = PBXFrameworksBuildPhase;
			buildActionMask = 2147483647;
			files = (
				58B30A4425694AF632155EF4 /* Pods_____.framework in Frameworks */,
			);
			runOnlyForDeploymentPostprocessing = 0;
		};
		D515C06B1E485151000F4EE9 /* Frameworks */ = {
			isa = PBXFrameworksBuildPhase;
			buildActionMask = 2147483647;
			files = (
			);
			runOnlyForDeploymentPostprocessing = 0;
		};
		D515C0761E485151000F4EE9 /* Frameworks */ = {
			isa = PBXFrameworksBuildPhase;
			buildActionMask = 2147483647;
			files = (
			);
			runOnlyForDeploymentPostprocessing = 0;
		};
/* End PBXFrameworksBuildPhase section */

/* Begin PBXGroup section */
		555F03576B41AC31B9C97119 /* Frameworks */ = {
			isa = PBXGroup;
			children = (
				D4A2E0966E8E2F4DC30863D1 /* Pods_____.framework */,
			);
			name = Frameworks;
			sourceTree = "<group>";
		};
		CC09E2386777C24B41FECC71 /* Pods */ = {
			isa = PBXGroup;
			children = (
				665CC8A46B42E36813E7C7B4 /* Pods-新建项目.debug.xcconfig */,
				5551DF701A2677B3015262F2 /* Pods-新建项目.release.xcconfig */,
			);
			name = Pods;
			sourceTree = "<group>";
		};
		D515C0511E485151000F4EE9 = {
			isa = PBXGroup;
			children = (
				D515C05C1E485151000F4EE9 /* 新建项目 */,
				D515C0711E485151000F4EE9 /* 新建项目Tests */,
				D515C07C1E485151000F4EE9 /* 新建项目UITests */,
				D515C05B1E485151000F4EE9 /* Products */,
				CC09E2386777C24B41FECC71 /* Pods */,
				555F03576B41AC31B9C97119 /* Frameworks */,
			);
			sourceTree = "<group>";
		};
		D515C05B1E485151000F4EE9 /* Products */ = {
			isa = PBXGroup;
			children = (
				D515C05A1E485151000F4EE9 /* 新建项目.app */,
				D515C06E1E485151000F4EE9 /* 新建项目Tests.xctest */,
				D515C0791E485151000F4EE9 /* 新建项目UITests.xctest */,
			);
			name = Products;
			sourceTree = "<group>";
		};
		D515C05C1E485151000F4EE9 /* 新建项目 */ = {
			isa = PBXGroup;
			children = (
				D52AB5251E56FCAA008144AC /* Common */,
				D52AB5371E56FCAA008144AC /* Resouce */,
				D52AB5391E56FCAA008144AC /* Super */,
				D515C0911E48529F000F4EE9 /* Main */,
				D515C05D1E485151000F4EE9 /* AppDelegate.swift */,
				D515C0611E485151000F4EE9 /* Main.storyboard */,
				D515C0641E485151000F4EE9 /* Assets.xcassets */,
				D515C0661E485151000F4EE9 /* LaunchScreen.storyboard */,
				D515C0691E485151000F4EE9 /* Info.plist */,
			);
			path = "新建项目";
			sourceTree = "<group>";
		};
		D515C0711E485151000F4EE9 /* 新建项目Tests */ = {
			isa = PBXGroup;
			children = (
				D515C0721E485151000F4EE9 /* ____Tests.swift */,
				D515C0741E485151000F4EE9 /* Info.plist */,
			);
			path = "新建项目Tests";
			sourceTree = "<group>";
		};
		D515C07C1E485151000F4EE9 /* 新建项目UITests */ = {
			isa = PBXGroup;
			children = (
				D515C07D1E485151000F4EE9 /* ____UITests.swift */,
				D515C07F1E485151000F4EE9 /* Info.plist */,
			);
			path = "新建项目UITests";
			sourceTree = "<group>";
		};
		D515C0911E48529F000F4EE9 /* Main */ = {
			isa = PBXGroup;
			children = (
				D515C09D1E4854DB000F4EE9 /* LQBaseViewController.swift */,
				D515C0951E4852CE000F4EE9 /* LQTabBarController.swift */,
				D515C0971E4852F7000F4EE9 /* LQNavigtionController.swift */,
				D515C0941E48529F000F4EE9 /* VC */,
			);
			path = Main;
			sourceTree = "<group>";
		};
		D515C0941E48529F000F4EE9 /* VC */ = {
			isa = PBXGroup;
			children = (
				D51781EE1E53E85000AA1BA6 /* visitor */,
				D515C09A1E4854B4000F4EE9 /* home */,
				D515C09B1E4854B4000F4EE9 /* message */,
				D515C0991E4854B4000F4EE9 /* discover */,
				D515C09C1E4854B4000F4EE9 /* mine */,
				D5490D471E52A114001801A8 /* LQTestViewController.swift */,
			);
			path = VC;
			sourceTree = "<group>";
		};
		D515C0991E4854B4000F4EE9 /* discover */ = {
			isa = PBXGroup;
			children = (
				D515C09F1E485500000F4EE9 /* LQDiscoverController.swift */,
			);
			path = discover;
			sourceTree = "<group>";
		};
		D515C09A1E4854B4000F4EE9 /* home */ = {
			isa = PBXGroup;
			children = (
				D5DDFA1E1E5C0B280097CE46 /* ViewModel */,
				D51781EB1E53032F00AA1BA6 /* Model */,
				D515C0A11E48551F000F4EE9 /* LQHomeController.swift */,
			);
			path = home;
			sourceTree = "<group>";
		};
		D515C09B1E4854B4000F4EE9 /* message */ = {
			isa = PBXGroup;
			children = (
				D515C0A31E48552F000F4EE9 /* LQMessageController.swift */,
			);
			path = message;
			sourceTree = "<group>";
		};
		D515C09C1E4854B4000F4EE9 /* mine */ = {
			isa = PBXGroup;
			children = (
				D515C0A51E48554C000F4EE9 /* LQMineController.swift */,
				D5DDFA1A1E5AE1930097CE46 /* LQMineTableViewCell.swift */,
			);
			path = mine;
			sourceTree = "<group>";
		};
		D51781EB1E53032F00AA1BA6 /* Model */ = {
			isa = PBXGroup;
			children = (
				D51781EC1E53034900AA1BA6 /* LQStudentModel.swift */,
				D5DDFA1C1E5BED3B0097CE46 /* LQWeiboListModel.swift */,
			);
			path = Model;
			sourceTree = "<group>";
		};
		D51781EE1E53E85000AA1BA6 /* visitor */ = {
			isa = PBXGroup;
			children = (
				D51781EF1E53F8D700AA1BA6 /* LQVisitorView.swift */,
			);
			path = visitor;
			sourceTree = "<group>";
		};
		D52AB5251E56FCAA008144AC /* Common */ = {
			isa = PBXGroup;
			children = (
				D5DDFA111E5A790C0097CE46 /* network */,
				D52AB5261E56FCAA008144AC /* extension */,
			);
			path = Common;
			sourceTree = "<group>";
		};
		D52AB5261E56FCAA008144AC /* extension */ = {
			isa = PBXGroup;
			children = (
				D52AB5271E56FCAA008144AC /* Addition */,
				D52AB5321E56FCAA008144AC /* Bundle+extension.swift */,
				D52AB5331E56FCAA008144AC /* LQBaseViewController+extension.swift */,
				D52AB5341E56FCAA008144AC /* UIScreen+extension.swift */,
				D52AB5351E56FCAA008144AC /* View+extension.swift */,
				D52AB5361E56FCAA008144AC /* 新建项目-Bridging-Header.h */,
			);
			path = extension;
			sourceTree = "<group>";
		};
		D52AB5271E56FCAA008144AC /* Addition */ = {
			isa = PBXGroup;
			children = (
				D52AB5281E56FCAA008144AC /* UIButton+createFactory.h */,
				D52AB5291E56FCAA008144AC /* UIButton+createFactory.m */,
				D52AB52A1E56FCAA008144AC /* UILabel+CreateFactory.h */,
				D52AB52B1E56FCAA008144AC /* UILabel+CreateFactory.m */,
				D52AB52C1E56FCAA008144AC /* UITextField+CreateFactory.h */,
				D52AB52D1E56FCAA008144AC /* UITextField+CreateFactory.m */,
				D52AB52E1E56FCAA008144AC /* UITextView+CreateFactory.h */,
				D52AB52F1E56FCAA008144AC /* UITextView+CreateFactory.m */,
				D52AB5301E56FCAA008144AC /* UIView+createFactory.h */,
				D52AB5311E56FCAA008144AC /* UIView+createFactory.m */,
			);
			path = Addition;
			sourceTree = "<group>";
		};
		D52AB5371E56FCAA008144AC /* Resouce */ = {
			isa = PBXGroup;
			children = (
				D52AB5381E56FCAA008144AC /* main.json */,
			);
			path = Resouce;
			sourceTree = "<group>";
		};
		D52AB5391E56FCAA008144AC /* Super */ = {
			isa = PBXGroup;
			children = (
			);
			path = Super;
			sourceTree = "<group>";
		};
		D5DDFA111E5A790C0097CE46 /* network */ = {
			isa = PBXGroup;
			children = (
				D5DDFA121E5A79A90097CE46 /* LQHttpSessionManager.swift */,
				D5DDFA141E5A91B20097CE46 /* LQHttpSessionManager+extension.swift */,
			);
			path = network;
			sourceTree = "<group>";
		};
		D5DDFA1E1E5C0B280097CE46 /* ViewModel */ = {
			isa = PBXGroup;
			children = (
				D5DDFA1F1E5C0B3E0097CE46 /* LQHomeViewModel.swift */,
			);
			path = ViewModel;
			sourceTree = "<group>";
		};
/* End PBXGroup section */

/* Begin PBXNativeTarget section */
		D515C0591E485151000F4EE9 /* 新建项目 */ = {
			isa = PBXNativeTarget;
			buildConfigurationList = D515C0821E485151000F4EE9 /* Build configuration list for PBXNativeTarget "新建项目" */;
			buildPhases = (
				6AC69ADFD7F8F514791CC7E6 /* [CP] Check Pods Manifest.lock */,
				D515C0561E485151000F4EE9 /* Sources */,
				D515C0571E485151000F4EE9 /* Frameworks */,
				D515C0581E485151000F4EE9 /* Resources */,
				6A3C6DDB6D746F399177DECC /* [CP] Embed Pods Frameworks */,
				D1118A17E0C60EFB0CA8A154 /* [CP] Copy Pods Resources */,
			);
			buildRules = (
			);
			dependencies = (
			);
			name = "新建项目";
			productName = "新建项目";
			productReference = D515C05A1E485151000F4EE9 /* 新建项目.app */;
			productType = "com.apple.product-type.application";
		};
		D515C06D1E485151000F4EE9 /* 新建项目Tests */ = {
			isa = PBXNativeTarget;
			buildConfigurationList = D515C0851E485151000F4EE9 /* Build configuration list for PBXNativeTarget "新建项目Tests" */;
			buildPhases = (
				D515C06A1E485151000F4EE9 /* Sources */,
				D515C06B1E485151000F4EE9 /* Frameworks */,
				D515C06C1E485151000F4EE9 /* Resources */,
			);
			buildRules = (
			);
			dependencies = (
				D515C0701E485151000F4EE9 /* PBXTargetDependency */,
			);
			name = "新建项目Tests";
			productName = "新建项目Tests";
			productReference = D515C06E1E485151000F4EE9 /* 新建项目Tests.xctest */;
			productType = "com.apple.product-type.bundle.unit-test";
		};
		D515C0781E485151000F4EE9 /* 新建项目UITests */ = {
			isa = PBXNativeTarget;
			buildConfigurationList = D515C0881E485151000F4EE9 /* Build configuration list for PBXNativeTarget "新建项目UITests" */;
			buildPhases = (
				D515C0751E485151000F4EE9 /* Sources */,
				D515C0761E485151000F4EE9 /* Frameworks */,
				D515C0771E485151000F4EE9 /* Resources */,
			);
			buildRules = (
			);
			dependencies = (
				D515C07B1E485151000F4EE9 /* PBXTargetDependency */,
			);
			name = "新建项目UITests";
			productName = "新建项目UITests";
			productReference = D515C0791E485151000F4EE9 /* 新建项目UITests.xctest */;
			productType = "com.apple.product-type.bundle.ui-testing";
		};
/* End PBXNativeTarget section */

/* Begin PBXProject section */
		D515C0521E485151000F4EE9 /* Project object */ = {
			isa = PBXProject;
			attributes = {
				CLASSPREFIX = LQ;
				LastSwiftUpdateCheck = 0820;
				LastUpgradeCheck = 0820;
				ORGANIZATIONNAME = "李强";
				TargetAttributes = {
					D515C0591E485151000F4EE9 = {
						CreatedOnToolsVersion = 8.2.1;
						LastSwiftMigration = 0820;
						ProvisioningStyle = Automatic;
					};
					D515C06D1E485151000F4EE9 = {
						CreatedOnToolsVersion = 8.2.1;
						ProvisioningStyle = Automatic;
						TestTargetID = D515C0591E485151000F4EE9;
					};
					D515C0781E485151000F4EE9 = {
						CreatedOnToolsVersion = 8.2.1;
						ProvisioningStyle = Automatic;
						TestTargetID = D515C0591E485151000F4EE9;
					};
				};
			};
			buildConfigurationList = D515C0551E485151000F4EE9 /* Build configuration list for PBXProject "新建项目" */;
			compatibilityVersion = "Xcode 3.2";
			developmentRegion = English;
			hasScannedForEncodings = 0;
			knownRegions = (
				en,
				Base,
			);
			mainGroup = D515C0511E485151000F4EE9;
			productRefGroup = D515C05B1E485151000F4EE9 /* Products */;
			projectDirPath = "";
			projectRoot = "";
			targets = (
				D515C0591E485151000F4EE9 /* 新建项目 */,
				D515C06D1E485151000F4EE9 /* 新建项目Tests */,
				D515C0781E485151000F4EE9 /* 新建项目UITests */,
			);
		};
/* End PBXProject section */

/* Begin PBXResourcesBuildPhase section */
		D515C0581E485151000F4EE9 /* Resources */ = {
			isa = PBXResourcesBuildPhase;
			buildActionMask = 2147483647;
			files = (
				D515C0681E485151000F4EE9 /* LaunchScreen.storyboard in Resources */,
				D515C0651E485151000F4EE9 /* Assets.xcassets in Resources */,
				D52AB5431E56FCAA008144AC /* main.json in Resources */,
				D515C0631E485151000F4EE9 /* Main.storyboard in Resources */,
			);
			runOnlyForDeploymentPostprocessing = 0;
		};
		D515C06C1E485151000F4EE9 /* Resources */ = {
			isa = PBXResourcesBuildPhase;
			buildActionMask = 2147483647;
			files = (
			);
			runOnlyForDeploymentPostprocessing = 0;
		};
		D515C0771E485151000F4EE9 /* Resources */ = {
			isa = PBXResourcesBuildPhase;
			buildActionMask = 2147483647;
			files = (
			);
			runOnlyForDeploymentPostprocessing = 0;
		};
/* End PBXResourcesBuildPhase section */

/* Begin PBXShellScriptBuildPhase section */
		6A3C6DDB6D746F399177DECC /* [CP] Embed Pods Frameworks */ = {
			isa = PBXShellScriptBuildPhase;
			buildActionMask = 2147483647;
			files = (
			);
			inputPaths = (
			);
			name = "[CP] Embed Pods Frameworks";
			outputPaths = (
			);
			runOnlyForDeploymentPostprocessing = 0;
			shellPath = /bin/sh;
			shellScript = "\"${SRCROOT}/Pods/Target Support Files/Pods-新建项目/Pods-新建项目-frameworks.sh\"\n";
			showEnvVarsInLog = 0;
		};
		6AC69ADFD7F8F514791CC7E6 /* [CP] Check Pods Manifest.lock */ = {
			isa = PBXShellScriptBuildPhase;
			buildActionMask = 2147483647;
			files = (
			);
			inputPaths = (
			);
			name = "[CP] Check Pods Manifest.lock";
			outputPaths = (
			);
			runOnlyForDeploymentPostprocessing = 0;
			shellPath = /bin/sh;
			shellScript = "diff \"${PODS_ROOT}/../Podfile.lock\" \"${PODS_ROOT}/Manifest.lock\" > /dev/null\nif [ $? != 0 ] ; then\n    # print error to STDERR\n    echo \"error: The sandbox is not in sync with the Podfile.lock. Run 'pod install' or update your CocoaPods installation.\" >&2\n    exit 1\nfi\n";
			showEnvVarsInLog = 0;
		};
		D1118A17E0C60EFB0CA8A154 /* [CP] Copy Pods Resources */ = {
			isa = PBXShellScriptBuildPhase;
			buildActionMask = 2147483647;
			files = (
			);
			inputPaths = (
			);
			name = "[CP] Copy Pods Resources";
			outputPaths = (
			);
			runOnlyForDeploymentPostprocessing = 0;
			shellPath = /bin/sh;
			shellScript = "\"${SRCROOT}/Pods/Target Support Files/Pods-新建项目/Pods-新建项目-resources.sh\"\n";
			showEnvVarsInLog = 0;
		};
/* End PBXShellScriptBuildPhase section */

/* Begin PBXSourcesBuildPhase section */
		D515C0561E485151000F4EE9 /* Sources */ = {
			isa = PBXSourcesBuildPhase;
			buildActionMask = 2147483647;
			files = (
				D515C09E1E4854DB000F4EE9 /* LQBaseViewController.swift in Sources */,
				D5DDFA1D1E5BED3B0097CE46 /* LQWeiboListModel.swift in Sources */,
				D52AB53E1E56FCAA008144AC /* UIView+createFactory.m in Sources */,
				D515C0A21E48551F000F4EE9 /* LQHomeController.swift in Sources */,
				D51781ED1E53034900AA1BA6 /* LQStudentModel.swift in Sources */,
				D515C0A01E485500000F4EE9 /* LQDiscoverController.swift in Sources */,
				D52AB53A1E56FCAA008144AC /* UIButton+createFactory.m in Sources */,
				D5DDFA1B1E5AE1930097CE46 /* LQMineTableViewCell.swift in Sources */,
				D515C0A61E48554C000F4EE9 /* LQMineController.swift in Sources */,
				D515C05E1E485151000F4EE9 /* AppDelegate.swift in Sources */,
				D51781F01E53F8D700AA1BA6 /* LQVisitorView.swift in Sources */,
				D5490D481E52A114001801A8 /* LQTestViewController.swift in Sources */,
				D52AB5421E56FCAA008144AC /* View+extension.swift in Sources */,
				D5DDFA201E5C0B3E0097CE46 /* LQHomeViewModel.swift in Sources */,
				D52AB53D1E56FCAA008144AC /* UITextView+CreateFactory.m in Sources */,
				D515C0961E4852CE000F4EE9 /* LQTabBarController.swift in Sources */,
				D52AB5401E56FCAA008144AC /* LQBaseViewController+extension.swift in Sources */,
				D52AB53C1E56FCAA008144AC /* UITextField+CreateFactory.m in Sources */,
				D515C0A41E48552F000F4EE9 /* LQMessageController.swift in Sources */,
				D5DDFA151E5A91B20097CE46 /* LQHttpSessionManager+extension.swift in Sources */,
				D52AB53F1E56FCAA008144AC /* Bundle+extension.swift in Sources */,
				D52AB5411E56FCAA008144AC /* UIScreen+extension.swift in Sources */,
				D5DDFA131E5A79A90097CE46 /* LQHttpSessionManager.swift in Sources */,
				D52AB53B1E56FCAA008144AC /* UILabel+CreateFactory.m in Sources */,
				D515C0981E4852F7000F4EE9 /* LQNavigtionController.swift in Sources */,
			);
			runOnlyForDeploymentPostprocessing = 0;
		};
		D515C06A1E485151000F4EE9 /* Sources */ = {
			isa = PBXSourcesBuildPhase;
			buildActionMask = 2147483647;
			files = (
				D515C0731E485151000F4EE9 /* ____Tests.swift in Sources */,
			);
			runOnlyForDeploymentPostprocessing = 0;
		};
		D515C0751E485151000F4EE9 /* Sources */ = {
			isa = PBXSourcesBuildPhase;
			buildActionMask = 2147483647;
			files = (
				D515C07E1E485151000F4EE9 /* ____UITests.swift in Sources */,
			);
			runOnlyForDeploymentPostprocessing = 0;
		};
/* End PBXSourcesBuildPhase section */

/* Begin PBXTargetDependency section */
		D515C0701E485151000F4EE9 /* PBXTargetDependency */ = {
			isa = PBXTargetDependency;
			target = D515C0591E485151000F4EE9 /* 新建项目 */;
			targetProxy = D515C06F1E485151000F4EE9 /* PBXContainerItemProxy */;
		};
		D515C07B1E485151000F4EE9 /* PBXTargetDependency */ = {
			isa = PBXTargetDependency;
			target = D515C0591E485151000F4EE9 /* 新建项目 */;
			targetProxy = D515C07A1E485151000F4EE9 /* PBXContainerItemProxy */;
		};
/* End PBXTargetDependency section */

/* Begin PBXVariantGroup section */
		D515C0611E485151000F4EE9 /* Main.storyboard */ = {
			isa = PBXVariantGroup;
			children = (
				D515C0621E485151000F4EE9 /* Base */,
			);
			name = Main.storyboard;
			sourceTree = "<group>";
		};
		D515C0661E485151000F4EE9 /* LaunchScreen.storyboard */ = {
			isa = PBXVariantGroup;
			children = (
				D515C0671E485151000F4EE9 /* Base */,
			);
			name = LaunchScreen.storyboard;
			sourceTree = "<group>";
		};
/* End PBXVariantGroup section */

/* Begin XCBuildConfiguration section */
		D515C0801E485151000F4EE9 /* Debug */ = {
			isa = XCBuildConfiguration;
			buildSettings = {
				ALWAYS_SEARCH_USER_PATHS = NO;
				CLANG_ANALYZER_NONNULL = YES;
				CLANG_CXX_LANGUAGE_STANDARD = "gnu++0x";
				CLANG_CXX_LIBRARY = "libc++";
				CLANG_ENABLE_MODULES = YES;
				CLANG_ENABLE_OBJC_ARC = YES;
				CLANG_WARN_BOOL_CONVERSION = YES;
				CLANG_WARN_CONSTANT_CONVERSION = YES;
				CLANG_WARN_DIRECT_OBJC_ISA_USAGE = YES_ERROR;
				CLANG_WARN_DOCUMENTATION_COMMENTS = YES;
				CLANG_WARN_EMPTY_BODY = YES;
				CLANG_WARN_ENUM_CONVERSION = YES;
				CLANG_WARN_INFINITE_RECURSION = YES;
				CLANG_WARN_INT_CONVERSION = YES;
				CLANG_WARN_OBJC_ROOT_CLASS = YES_ERROR;
				CLANG_WARN_SUSPICIOUS_MOVE = YES;
				CLANG_WARN_UNREACHABLE_CODE = YES;
				CLANG_WARN__DUPLICATE_METHOD_MATCH = YES;
				"CODE_SIGN_IDENTITY[sdk=iphoneos*]" = "iPhone Developer";
				COPY_PHASE_STRIP = NO;
				DEBUG_INFORMATION_FORMAT = dwarf;
				ENABLE_STRICT_OBJC_MSGSEND = YES;
				ENABLE_TESTABILITY = YES;
				GCC_C_LANGUAGE_STANDARD = gnu99;
				GCC_DYNAMIC_NO_PIC = NO;
				GCC_NO_COMMON_BLOCKS = YES;
				GCC_OPTIMIZATION_LEVEL = 0;
				GCC_PREPROCESSOR_DEFINITIONS = (
					"DEBUG=1",
					"$(inherited)",
				);
				GCC_WARN_64_TO_32_BIT_CONVERSION = YES;
				GCC_WARN_ABOUT_RETURN_TYPE = YES_ERROR;
				GCC_WARN_UNDECLARED_SELECTOR = YES;
				GCC_WARN_UNINITIALIZED_AUTOS = YES_AGGRESSIVE;
				GCC_WARN_UNUSED_FUNCTION = YES;
				GCC_WARN_UNUSED_VARIABLE = YES;
				IPHONEOS_DEPLOYMENT_TARGET = 10.2;
				MTL_ENABLE_DEBUG_INFO = YES;
				ONLY_ACTIVE_ARCH = YES;
				SDKROOT = iphoneos;
				SWIFT_ACTIVE_COMPILATION_CONDITIONS = DEBUG;
				SWIFT_OPTIMIZATION_LEVEL = "-Onone";
				TARGETED_DEVICE_FAMILY = "1,2";
			};
			name = Debug;
		};
		D515C0811E485151000F4EE9 /* Release */ = {
			isa = XCBuildConfiguration;
			buildSettings = {
				ALWAYS_SEARCH_USER_PATHS = NO;
				CLANG_ANALYZER_NONNULL = YES;
				CLANG_CXX_LANGUAGE_STANDARD = "gnu++0x";
				CLANG_CXX_LIBRARY = "libc++";
				CLANG_ENABLE_MODULES = YES;
				CLANG_ENABLE_OBJC_ARC = YES;
				CLANG_WARN_BOOL_CONVERSION = YES;
				CLANG_WARN_CONSTANT_CONVERSION = YES;
				CLANG_WARN_DIRECT_OBJC_ISA_USAGE = YES_ERROR;
				CLANG_WARN_DOCUMENTATION_COMMENTS = YES;
				CLANG_WARN_EMPTY_BODY = YES;
				CLANG_WARN_ENUM_CONVERSION = YES;
				CLANG_WARN_INFINITE_RECURSION = YES;
				CLANG_WARN_INT_CONVERSION = YES;
				CLANG_WARN_OBJC_ROOT_CLASS = YES_ERROR;
				CLANG_WARN_SUSPICIOUS_MOVE = YES;
				CLANG_WARN_UNREACHABLE_CODE = YES;
				CLANG_WARN__DUPLICATE_METHOD_MATCH = YES;
				"CODE_SIGN_IDENTITY[sdk=iphoneos*]" = "iPhone Developer";
				COPY_PHASE_STRIP = NO;
				DEBUG_INFORMATION_FORMAT = "dwarf-with-dsym";
				ENABLE_NS_ASSERTIONS = NO;
				ENABLE_STRICT_OBJC_MSGSEND = YES;
				GCC_C_LANGUAGE_STANDARD = gnu99;
				GCC_NO_COMMON_BLOCKS = YES;
				GCC_WARN_64_TO_32_BIT_CONVERSION = YES;
				GCC_WARN_ABOUT_RETURN_TYPE = YES_ERROR;
				GCC_WARN_UNDECLARED_SELECTOR = YES;
				GCC_WARN_UNINITIALIZED_AUTOS = YES_AGGRESSIVE;
				GCC_WARN_UNUSED_FUNCTION = YES;
				GCC_WARN_UNUSED_VARIABLE = YES;
				IPHONEOS_DEPLOYMENT_TARGET = 10.2;
				MTL_ENABLE_DEBUG_INFO = NO;
				SDKROOT = iphoneos;
				SWIFT_OPTIMIZATION_LEVEL = "-Owholemodule";
				TARGETED_DEVICE_FAMILY = "1,2";
				VALIDATE_PRODUCT = YES;
			};
			name = Release;
		};
		D515C0831E485151000F4EE9 /* Debug */ = {
			isa = XCBuildConfiguration;
			baseConfigurationReference = 665CC8A46B42E36813E7C7B4 /* Pods-新建项目.debug.xcconfig */;
			buildSettings = {
				ASSETCATALOG_COMPILER_APPICON_NAME = AppIcon;
				CLANG_ENABLE_MODULES = YES;
				INFOPLIST_FILE = "新建项目/Info.plist";
				LD_RUNPATH_SEARCH_PATHS = "$(inherited) @executable_path/Frameworks";
				PRODUCT_BUNDLE_IDENTIFIER = "text.----";
				PRODUCT_NAME = "$(TARGET_NAME)";
				SWIFT_OBJC_BRIDGING_HEADER = "新建项目/Common/extension/新建项目-Bridging-Header.h";
				SWIFT_OPTIMIZATION_LEVEL = "-Onone";
				SWIFT_VERSION = 3.0;
			};
			name = Debug;
		};
		D515C0841E485151000F4EE9 /* Release */ = {
			isa = XCBuildConfiguration;
			baseConfigurationReference = 5551DF701A2677B3015262F2 /* Pods-新建项目.release.xcconfig */;
			buildSettings = {
				ASSETCATALOG_COMPILER_APPICON_NAME = AppIcon;
				CLANG_ENABLE_MODULES = YES;
				INFOPLIST_FILE = "新建项目/Info.plist";
				LD_RUNPATH_SEARCH_PATHS = "$(inherited) @executable_path/Frameworks";
				PRODUCT_BUNDLE_IDENTIFIER = "text.----";
				PRODUCT_NAME = "$(TARGET_NAME)";
				SWIFT_OBJC_BRIDGING_HEADER = "新建项目/Common/extension/新建项目-Bridging-Header.h";
				SWIFT_VERSION = 3.0;
			};
			name = Release;
		};
		D515C0861E485151000F4EE9 /* Debug */ = {
			isa = XCBuildConfiguration;
			buildSettings = {
				ALWAYS_EMBED_SWIFT_STANDARD_LIBRARIES = YES;
				BUNDLE_LOADER = "$(TEST_HOST)";
				INFOPLIST_FILE = "新建项目Tests/Info.plist";
				LD_RUNPATH_SEARCH_PATHS = "$(inherited) @executable_path/Frameworks @loader_path/Frameworks";
				PRODUCT_BUNDLE_IDENTIFIER = "text.----Tests";
				PRODUCT_NAME = "$(TARGET_NAME)";
				SWIFT_VERSION = 3.0;
				TEST_HOST = "$(BUILT_PRODUCTS_DIR)/新建项目.app/新建项目";
			};
			name = Debug;
		};
		D515C0871E485151000F4EE9 /* Release */ = {
			isa = XCBuildConfiguration;
			buildSettings = {
				ALWAYS_EMBED_SWIFT_STANDARD_LIBRARIES = YES;
				BUNDLE_LOADER = "$(TEST_HOST)";
				INFOPLIST_FILE = "新建项目Tests/Info.plist";
				LD_RUNPATH_SEARCH_PATHS = "$(inherited) @executable_path/Frameworks @loader_path/Frameworks";
				PRODUCT_BUNDLE_IDENTIFIER = "text.----Tests";
				PRODUCT_NAME = "$(TARGET_NAME)";
				SWIFT_VERSION = 3.0;
				TEST_HOST = "$(BUILT_PRODUCTS_DIR)/新建项目.app/新建项目";
			};
			name = Release;
		};
		D515C0891E485151000F4EE9 /* Debug */ = {
			isa = XCBuildConfiguration;
			buildSettings = {
				ALWAYS_EMBED_SWIFT_STANDARD_LIBRARIES = YES;
				INFOPLIST_FILE = "新建项目UITests/Info.plist";
				LD_RUNPATH_SEARCH_PATHS = "$(inherited) @executable_path/Frameworks @loader_path/Frameworks";
				PRODUCT_BUNDLE_IDENTIFIER = "text.----UITests";
				PRODUCT_NAME = "$(TARGET_NAME)";
				SWIFT_VERSION = 3.0;
				TEST_TARGET_NAME = "新建项目";
			};
			name = Debug;
		};
		D515C08A1E485151000F4EE9 /* Release */ = {
			isa = XCBuildConfiguration;
			buildSettings = {
				ALWAYS_EMBED_SWIFT_STANDARD_LIBRARIES = YES;
				INFOPLIST_FILE = "新建项目UITests/Info.plist";
				LD_RUNPATH_SEARCH_PATHS = "$(inherited) @executable_path/Frameworks @loader_path/Frameworks";
				PRODUCT_BUNDLE_IDENTIFIER = "text.----UITests";
				PRODUCT_NAME = "$(TARGET_NAME)";
				SWIFT_VERSION = 3.0;
				TEST_TARGET_NAME = "新建项目";
			};
			name = Release;
		};
/* End XCBuildConfiguration section */

/* Begin XCConfigurationList section */
		D515C0551E485151000F4EE9 /* Build configuration list for PBXProject "新建项目" */ = {
			isa = XCConfigurationList;
			buildConfigurations = (
				D515C0801E485151000F4EE9 /* Debug */,
				D515C0811E485151000F4EE9 /* Release */,
			);
			defaultConfigurationIsVisible = 0;
			defaultConfigurationName = Release;
		};
		D515C0821E485151000F4EE9 /* Build configuration list for PBXNativeTarget "新建项目" */ = {
			isa = XCConfigurationList;
			buildConfigurations = (
				D515C0831E485151000F4EE9 /* Debug */,
				D515C0841E485151000F4EE9 /* Release */,
			);
			defaultConfigurationIsVisible = 0;
			defaultConfigurationName = Release;
		};
		D515C0851E485151000F4EE9 /* Build configuration list for PBXNativeTarget "新建项目Tests" */ = {
			isa = XCConfigurationList;
			buildConfigurations = (
				D515C0861E485151000F4EE9 /* Debug */,
				D515C0871E485151000F4EE9 /* Release */,
			);
			defaultConfigurationIsVisible = 0;
			defaultConfigurationName = Release;
		};
		D515C0881E485151000F4EE9 /* Build configuration list for PBXNativeTarget "新建项目UITests" */ = {
			isa = XCConfigurationList;
			buildConfigurations = (
				D515C0891E485151000F4EE9 /* Debug */,
				D515C08A1E485151000F4EE9 /* Release */,
			);
			defaultConfigurationIsVisible = 0;
			defaultConfigurationName = Release;
		};
/* End XCConfigurationList section */
	};
	rootObject = D515C0521E485151000F4EE9 /* Project object */;
}
